Microsoft Visual Studio Solution File, Format Version 12.00
# Visual Studio Version 16
VisualStudioVersion = 16.0.29911.84
MinimumVisualStudioVersion = 10.0.40219.1
Project("{FAE04EC0-301F-11D3-BF4B-00C04F79EFBC}") = "BrightcoveAPI", "BrightcoveAPI\BrightcoveAPI.csproj", "{F18F4E17-A20F-4A83-9D2C-0195EAE52FFF}"
EndProject
Global
	GlobalSection(SolutionConfigurationPlatforms) = preSolution
		Debug|x86 = Debug|x86
		Release|x86 = Release|x86
	EndGlobalSection
	GlobalSection(ProjectConfigurationPlatforms) = postSolution
		{F18F4E17-A20F-4A83-9D2C-0195EAE52FFF}.Debug|x86.ActiveCfg = Debug|Any CPU
		{F18F4E17-A20F-4A83-9D2C-0195EAE52FFF}.Debug|x86.Build.0 = Debug|Any CPU
		{F18F4E17-A20F-4A83-9D2C-0195EAE52FFF}.Release|x86.ActiveCfg = Release|Any CPU
		{F18F4E17-A20F-4A83-9D2C-0195EAE52FFF}.Release|x86.Build.0 = Release|Any CPU
	EndGlobalSection
	GlobalSection(SolutionProperties) = preSolution
		HideSolutionNode = FALSE
	EndGlobalSection
	GlobalSection(ExtensibilityGlobals) = postSolution
		SolutionGuid = {2D0864A6-E02F-488F-9CC1-1AEF85E6D736}
	EndGlobalSection
EndGlobal
